// !$*UTF8*$!
{
	archiveVersion = 1;
	classes = {
	};
	objectVersion = 50;
	objects = {

/* Begin PBXBuildFile section */
		0E08F41B22DCB54900E2EA6A /* ViewImageSelfie.swift in Sources */ = {isa = PBXBuildFile; fileRef = 0E08F41A22DCB54900E2EA6A /* ViewImageSelfie.swift */; };
		0E08F41D22DCB5EA00E2EA6A /* ViewMain.swift in Sources */ = {isa = PBXBuildFile; fileRef = 0E08F41C22DCB5EA00E2EA6A /* ViewMain.swift */; };
		0E08F41F22DDC7E900E2EA6A /* cameraCustom in Resources */ = {isa = PBXBuildFile; fileRef = 0E08F41E22DDC7E900E2EA6A /* cameraCustom */; };
		0E1F359222DABB400077768B /* AppDelegate.swift in Sources */ = {isa = PBXBuildFile; fileRef = 0E1F359122DABB400077768B /* AppDelegate.swift */; };
		0E1F359922DABB420077768B /* Assets.xcassets in Resources */ = {isa = PBXBuildFile; fileRef = 0E1F359822DABB420077768B /* Assets.xcassets */; };
		0E1F359C22DABB420077768B /* LaunchScreen.storyboard in Resources */ = {isa = PBXBuildFile; fileRef = 0E1F359A22DABB420077768B /* LaunchScreen.storyboard */; };
		0E1F35A722DABB420077768B /* CustomCameraTests.swift in Sources */ = {isa = PBXBuildFile; fileRef = 0E1F35A622DABB420077768B /* CustomCameraTests.swift */; };
		0E40AC1922DAE3A100711234 /* CustomCameraKtp.swift in Sources */ = {isa = PBXBuildFile; fileRef = 0E40AC1822DAE3A100711234 /* CustomCameraKtp.swift */; };
		0E40AC1B22DB292800711234 /* ViewImageKtp.swift in Sources */ = {isa = PBXBuildFile; fileRef = 0E40AC1A22DB292800711234 /* ViewImageKtp.swift */; };
		0E40AC1D22DB29C700711234 /* MainView.swift in Sources */ = {isa = PBXBuildFile; fileRef = 0E40AC1C22DB29C700711234 /* MainView.swift */; };
		0E40AC1F22DB45B100711234 /* CustomCameraSelfieKtp.swift in Sources */ = {isa = PBXBuildFile; fileRef = 0E40AC1E22DB45B100711234 /* CustomCameraSelfieKtp.swift */; };
/* End PBXBuildFile section */

/* Begin PBXContainerItemProxy section */
		0E1F35A322DABB420077768B /* PBXContainerItemProxy */ = {
			isa = PBXContainerItemProxy;
			containerPortal = 0E1F358622DABB400077768B /* Project object */;
			proxyType = 1;
			remoteGlobalIDString = 0E1F358D22DABB400077768B;
			remoteInfo = CustomCamera;
		};
/* End PBXContainerItemProxy section */

/* Begin PBXFileReference section */
		0E08F41A22DCB54900E2EA6A /* ViewImageSelfie.swift */ = {isa = PBXFileReference; lastKnownFileType = sourcecode.swift; path = ViewImageSelfie.swift; sourceTree = "<group>"; };
		0E08F41C22DCB5EA00E2EA6A /* ViewMain.swift */ = {isa = PBXFileReference; lastKnownFileType = sourcecode.swift; path = ViewMain.swift; sourceTree = "<group>"; };
		0E08F41E22DDC7E900E2EA6A /* cameraCustom */ = {isa = PBXFileReference; lastKnownFileType = file; path = cameraCustom; sourceTree = "<group>"; };
		0E1F358E22DABB400077768B /* CustomCamera.app */ = {isa = PBXFileReference; explicitFileType = wrapper.application; includeInIndex = 0; path = CustomCamera.app; sourceTree = BUILT_PRODUCTS_DIR; };
		0E1F359122DABB400077768B /* AppDelegate.swift */ = {isa = PBXFileReference; lastKnownFileType = sourcecode.swift; path = AppDelegate.swift; sourceTree = "<group>"; };
		0E1F359822DABB420077768B /* Assets.xcassets */ = {isa = PBXFileReference; lastKnownFileType = folder.assetcatalog; path = Assets.xcassets; sourceTree = "<group>"; };
		0E1F359B22DABB420077768B /* Base */ = {isa = PBXFileReference; lastKnownFileType = file.storyboard; name = Base; path = Base.lproj/LaunchScreen.storyboard; sourceTree = "<group>"; };
		0E1F359D22DABB420077768B /* Info.plist */ = {isa = PBXFileReference; lastKnownFileType = text.plist.xml; path = Info.plist; sourceTree = "<group>"; };
		0E1F35A222DABB420077768B /* CustomCameraTests.xctest */ = {isa = PBXFileReference; explicitFileType = wrapper.cfbundle; includeInIndex = 0; path = CustomCameraTests.xctest; sourceTree = BUILT_PRODUCTS_DIR; };
		0E1F35A622DABB420077768B /* CustomCameraTests.swift */ = {isa = PBXFileReference; lastKnownFileType = sourcecode.swift; path = CustomCameraTests.swift; sourceTree = "<group>"; };
		0E1F35A822DABB420077768B /* Info.plist */ = {isa = PBXFileReference; lastKnownFileType = text.plist.xml; path = Info.plist; sourceTree = "<group>"; };
		0E40AC1822DAE3A100711234 /* CustomCameraKtp.swift */ = {isa = PBXFileReference; lastKnownFileType = sourcecode.swift; path = CustomCameraKtp.swift; sourceTree = "<group>"; };
		0E40AC1A22DB292800711234 /* ViewImageKtp.swift */ = {isa = PBXFileReference; lastKnownFileType = sourcecode.swift; path = ViewImageKtp.swift; sourceTree = "<group>"; };
		0E40AC1C22DB29C700711234 /* MainView.swift */ = {isa = PBXFileReference; lastKnownFileType = sourcecode.swift; path = MainView.swift; sourceTree = "<group>"; };
		0E40AC1E22DB45B100711234 /* CustomCameraSelfieKtp.swift */ = {isa = PBXFileReference; lastKnownFileType = sourcecode.swift; path = CustomCameraSelfieKtp.swift; sourceTree = "<group>"; };
/* End PBXFileReference section */

/* Begin PBXFrameworksBuildPhase section */
		0E1F358B22DABB400077768B /* Frameworks */ = {
			isa = PBXFrameworksBuildPhase;
			buildActionMask = 2147483647;
			files = (
			);
			runOnlyForDeploymentPostprocessing = 0;
		};
		0E1F359F22DABB420077768B /* Frameworks */ = {
			isa = PBXFrameworksBuildPhase;
			buildActionMask = 2147483647;
			files = (
			);
			runOnlyForDeploymentPostprocessing = 0;
		};
/* End PBXFrameworksBuildPhase section */

/* Begin PBXGroup section */
		0E1F358522DABB400077768B = {
			isa = PBXGroup;
			children = (
				0E1F359022DABB400077768B /* CustomCamera */,
				0E1F35A522DABB420077768B /* CustomCameraTests */,
				0E1F358F22DABB400077768B /* Products */,
			);
			sourceTree = "<group>";
		};
		0E1F358F22DABB400077768B /* Products */ = {
			isa = PBXGroup;
			children = (
				0E1F358E22DABB400077768B /* CustomCamera.app */,
				0E1F35A222DABB420077768B /* CustomCameraTests.xctest */,
			);
			name = Products;
			sourceTree = "<group>";
		};
		0E1F359022DABB400077768B /* CustomCamera */ = {
			isa = PBXGroup;
			children = (
				0E1F359122DABB400077768B /* AppDelegate.swift */,
				0E1F359822DABB420077768B /* Assets.xcassets */,
				0E1F359A22DABB420077768B /* LaunchScreen.storyboard */,
				0E1F359D22DABB420077768B /* Info.plist */,
				0E40AC1822DAE3A100711234 /* CustomCameraKtp.swift */,
				0E40AC1A22DB292800711234 /* ViewImageKtp.swift */,
				0E40AC1E22DB45B100711234 /* CustomCameraSelfieKtp.swift */,
				0E08F41A22DCB54900E2EA6A /* ViewImageSelfie.swift */,
				0E08F41C22DCB5EA00E2EA6A /* ViewMain.swift */,
				0E40AC1C22DB29C700711234 /* MainView.swift */,
			);
			path = CustomCamera;
			sourceTree = "<group>";
		};
		0E1F35A522DABB420077768B /* CustomCameraTests */ = {
			isa = PBXGroup;
			children = (
				0E1F35A622DABB420077768B /* CustomCameraTests.swift */,
				0E1F35A822DABB420077768B /* Info.plist */,
				0E08F41E22DDC7E900E2EA6A /* cameraCustom */,
			);
			path = CustomCameraTests;
			sourceTree = "<group>";
		};
/* End PBXGroup section */

/* Begin PBXNativeTarget section */
		0E1F358D22DABB400077768B /* CustomCamera */ = {
			isa = PBXNativeTarget;
			buildConfigurationList = 0E1F35AB22DABB420077768B /* Build configuration list for PBXNativeTarget "CustomCamera" */;
			buildPhases = (
				0E1F358A22DABB400077768B /* Sources */,
				0E1F358B22DABB400077768B /* Frameworks */,
				0E1F358C22DABB400077768B /* Resources */,
			);
			buildRules = (
			);
			dependencies = (
			);
			name = CustomCamera;
			productName = CustomCamera;
			productReference = 0E1F358E22DABB400077768B /* CustomCamera.app */;
			productType = "com.apple.product-type.application";
		};
		0E1F35A122DABB420077768B /* CustomCameraTests */ = {
			isa = PBXNativeTarget;
			buildConfigurationList = 0E1F35AE22DABB420077768B /* Build configuration list for PBXNativeTarget "CustomCameraTests" */;
			buildPhases = (
				0E1F359E22DABB420077768B /* Sources */,
				0E1F359F22DABB420077768B /* Frameworks */,
				0E1F35A022DABB420077768B /* Resources */,
			);
			buildRules = (
			);
			dependencies = (
				0E1F35A422DABB420077768B /* PBXTargetDependency */,
			);
			name = CustomCameraTests;
			productName = CustomCameraTests;
			productReference = 0E1F35A222DABB420077768B /* CustomCameraTests.xctest */;
			productType = "com.apple.product-type.bundle.unit-test";
		};
/* End PBXNativeTarget section */

/* Begin PBXProject section */
		0E1F358622DABB400077768B /* Project object */ = {
			isa = PBXProject;
			attributes = {
				LastSwiftUpdateCheck = 1020;
				LastUpgradeCheck = 1020;
				ORGANIZATIONNAME = "ahmad shiddiq";
				TargetAttributes = {
					0E1F358D22DABB400077768B = {
						CreatedOnToolsVersion = 10.2.1;
					};
					0E1F35A122DABB420077768B = {
						CreatedOnToolsVersion = 10.2.1;
						TestTargetID = 0E1F358D22DABB400077768B;
					};
				};
			};
			buildConfigurationList = 0E1F358922DABB400077768B /* Build configuration list for PBXProject "CustomCamera" */;
			compatibilityVersion = "Xcode 9.3";
			developmentRegion = en;
			hasScannedForEncodings = 0;
			knownRegions = (
				en,
				Base,
			);
			mainGroup = 0E1F358522DABB400077768B;
			productRefGroup = 0E1F358F22DABB400077768B /* Products */;
			projectDirPath = "";
			projectRoot = "";
			targets = (
				0E1F358D22DABB400077768B /* CustomCamera */,
				0E1F35A122DABB420077768B /* CustomCameraTests */,
			);
		};
/* End PBXProject section */

/* Begin PBXResourcesBuildPhase section */
		0E1F358C22DABB400077768B /* Resources */ = {
			isa = PBXResourcesBuildPhase;
			buildActionMask = 2147483647;
			files = (
				0E1F359C22DABB420077768B /* LaunchScreen.storyboard in Resources */,
				0E1F359922DABB420077768B /* Assets.xcassets in Resources */,
			);
			runOnlyForDeploymentPostprocessing = 0;
		};
		0E1F35A022DABB420077768B /* Resources */ = {
			isa = PBXResourcesBuildPhase;
			buildActionMask = 2147483647;
			files = (
				0E08F41F22DDC7E900E2EA6A /* cameraCustom in Resources */,
			);
			runOnlyForDeploymentPostprocessing = 0;
		};
/* End PBXResourcesBuildPhase section */

/* Begin PBXSourcesBuildPhase section */
		0E1F358A22DABB400077768B /* Sources */ = {
			isa = PBXSourcesBuildPhase;
			buildActionMask = 2147483647;
			files = (
				0E1F359222DABB400077768B /* AppDelegate.swift in Sources */,
				0E40AC1F22DB45B100711234 /* CustomCameraSelfieKtp.swift in Sources */,
				0E08F41D22DCB5EA00E2EA6A /* ViewMain.swift in Sources */,
				0E08F41B22DCB54900E2EA6A /* ViewImageSelfie.swift in Sources */,
				0E40AC1D22DB29C700711234 /* MainView.swift in Sources */,
				0E40AC1922DAE3A100711234 /* CustomCameraKtp.swift in Sources */,
				0E40AC1B22DB292800711234 /* ViewImageKtp.swift in Sources */,
			);
			runOnlyForDeploymentPostprocessing = 0;
		};
		0E1F359E22DABB420077768B /* Sources */ = {
			isa = PBXSourcesBuildPhase;
			buildActionMask = 2147483647;
			files = (
				0E1F35A722DABB420077768B /* CustomCameraTests.swift in Sources */,
			);
			runOnlyForDeploymentPostprocessing = 0;
		};
/* End PBXSourcesBuildPhase section */

/* Begin PBXTargetDependency section */
		0E1F35A422DABB420077768B /* PBXTargetDependency */ = {
			isa = PBXTargetDependency;
			target = 0E1F358D22DABB400077768B /* CustomCamera */;
			targetProxy = 0E1F35A322DABB420077768B /* PBXContainerItemProxy */;
		};
/* End PBXTargetDependency section */

/* Begin PBXVariantGroup section */
		0E1F359A22DABB420077768B /* LaunchScreen.storyboard */ = {
			isa = PBXVariantGroup;
			children = (
				0E1F359B22DABB420077768B /* Base */,
			);
			name = LaunchScreen.storyboard;
			sourceTree = "<group>";
		};
/* End PBXVariantGroup section */

/* Begin XCBuildConfiguration section */
		0E1F35A922DABB420077768B /* Debug */ = {
			isa = XCBuildConfiguration;
			buildSettings = {
				ALWAYS_SEARCH_USER_PATHS = NO;
				CLANG_ANALYZER_NONNULL = YES;
				CLANG_ANALYZER_NUMBER_OBJECT_CONVERSION = YES_AGGRESSIVE;
				CLANG_CXX_LANGUAGE_STANDARD = "gnu++14";
				CLANG_CXX_LIBRARY = "libc++";
				CLANG_ENABLE_MODULES = YES;
				CLANG_ENABLE_OBJC_ARC = YES;
				CLANG_ENABLE_OBJC_WEAK = YES;
				CLANG_WARN_BLOCK_CAPTURE_AUTORELEASING = YES;
				CLANG_WARN_BOOL_CONVERSION = YES;
				CLANG_WARN_COMMA = YES;
				CLANG_WARN_CONSTANT_CONVERSION = YES;
				CLANG_WARN_DEPRECATED_OBJC_IMPLEMENTATIONS = YES;
				CLANG_WARN_DIRECT_OBJC_ISA_USAGE = YES_ERROR;
				CLANG_WARN_DOCUMENTATION_COMMENTS = YES;
				CLANG_WARN_EMPTY_BODY = YES;
				CLANG_WARN_ENUM_CONVERSION = YES;
				CLANG_WARN_INFINITE_RECURSION = YES;
				CLANG_WARN_INT_CONVERSION = YES;
				CLANG_WARN_NON_LITERAL_NULL_CONVERSION = YES;
				CLANG_WARN_OBJC_IMPLICIT_RETAIN_SELF = YES;
				CLANG_WARN_OBJC_LITERAL_CONVERSION = YES;
				CLANG_WARN_OBJC_ROOT_CLASS = YES_ERROR;
				CLANG_WARN_RANGE_LOOP_ANALYSIS = YES;
				CLANG_WARN_STRICT_PROTOTYPES = YES;
				CLANG_WARN_SUSPICIOUS_MOVE = YES;
				CLANG_WARN_UNGUARDED_AVAILABILITY = YES_AGGRESSIVE;
				CLANG_WARN_UNREACHABLE_CODE = YES;
				CLANG_WARN__DUPLICATE_METHOD_MATCH = YES;
				CODE_SIGN_IDENTITY = "iPhone Developer";
				COPY_PHASE_STRIP = NO;
				DEBUG_INFORMATION_FORMAT = dwarf;
				ENABLE_STRICT_OBJC_MSGSEND = YES;
				ENABLE_TESTABILITY = YES;
				GCC_C_LANGUAGE_STANDARD = gnu11;
				GCC_DYNAMIC_NO_PIC = NO;
				GCC_NO_COMMON_BLOCKS = YES;
				GCC_OPTIMIZATION_LEVEL = 0;
				GCC_PREPROCESSOR_DEFINITIONS = (
					"DEBUG=1",
					"$(inherited)",
				);
				GCC_WARN_64_TO_32_BIT_CONVERSION = YES;
				GCC_WARN_ABOUT_RETURN_TYPE = YES_ERROR;
				GCC_WARN_UNDECLARED_SELECTOR = YES;
				GCC_WARN_UNINITIALIZED_AUTOS = YES_AGGRESSIVE;
				GCC_WARN_UNUSED_FUNCTION = YES;
				GCC_WARN_UNUSED_VARIABLE = YES;
				IPHONEOS_DEPLOYMENT_TARGET = 12.2;
				MTL_ENABLE_DEBUG_INFO = INCLUDE_SOURCE;
				MTL_FAST_MATH = YES;
				ONLY_ACTIVE_ARCH = YES;
				SDKROOT = iphoneos;
				SWIFT_ACTIVE_COMPILATION_CONDITIONS = DEBUG;
				SWIFT_OPTIMIZATION_LEVEL = "-Onone";
			};
			name = Debug;
		};
		0E1F35AA22DABB420077768B /* Release */ = {
			isa = XCBuildConfiguration;
			buildSettings = {
				ALWAYS_SEARCH_USER_PATHS = NO;
				CLANG_ANALYZER_NONNULL = YES;
				CLANG_ANALYZER_NUMBER_OBJECT_CONVERSION = YES_AGGRESSIVE;
				CLANG_CXX_LANGUAGE_STANDARD = "gnu++14";
				CLANG_CXX_LIBRARY = "libc++";
				CLANG_ENABLE_MODULES = YES;
				CLANG_ENABLE_OBJC_ARC = YES;
				CLANG_ENABLE_OBJC_WEAK = YES;
				CLANG_WARN_BLOCK_CAPTURE_AUTORELEASING = YES;
				CLANG_WARN_BOOL_CONVERSION = YES;
				CLANG_WARN_COMMA = YES;
				CLANG_WARN_CONSTANT_CONVERSION = YES;
				CLANG_WARN_DEPRECATED_OBJC_IMPLEMENTATIONS = YES;
				CLANG_WARN_DIRECT_OBJC_ISA_USAGE = YES_ERROR;
				CLANG_WARN_DOCUMENTATION_COMMENTS = YES;
				CLANG_WARN_EMPTY_BODY = YES;
				CLANG_WARN_ENUM_CONVERSION = YES;
				CLANG_WARN_INFINITE_RECURSION = YES;
				CLANG_WARN_INT_CONVERSION = YES;
				CLANG_WARN_NON_LITERAL_NULL_CONVERSION = YES;
				CLANG_WARN_OBJC_IMPLICIT_RETAIN_SELF = YES;
				CLANG_WARN_OBJC_LITERAL_CONVERSION = YES;
				CLANG_WARN_OBJC_ROOT_CLASS = YES_ERROR;
				CLANG_WARN_RANGE_LOOP_ANALYSIS = YES;
				CLANG_WARN_STRICT_PROTOTYPES = YES;
				CLANG_WARN_SUSPICIOUS_MOVE = YES;
				CLANG_WARN_UNGUARDED_AVAILABILITY = YES_AGGRESSIVE;
				CLANG_WARN_UNREACHABLE_CODE = YES;
				CLANG_WARN__DUPLICATE_METHOD_MATCH = YES;
				CODE_SIGN_IDENTITY = "iPhone Developer";
				COPY_PHASE_STRIP = NO;
				DEBUG_INFORMATION_FORMAT = "dwarf-with-dsym";
				ENABLE_NS_ASSERTIONS = NO;
				ENABLE_STRICT_OBJC_MSGSEND = YES;
				GCC_C_LANGUAGE_STANDARD = gnu11;
				GCC_NO_COMMON_BLOCKS = YES;
				GCC_WARN_64_TO_32_BIT_CONVERSION = YES;
				GCC_WARN_ABOUT_RETURN_TYPE = YES_ERROR;
				GCC_WARN_UNDECLARED_SELECTOR = YES;
				GCC_WARN_UNINITIALIZED_AUTOS = YES_AGGRESSIVE;
				GCC_WARN_UNUSED_FUNCTION = YES;
				GCC_WARN_UNUSED_VARIABLE = YES;
				IPHONEOS_DEPLOYMENT_TARGET = 12.2;
				MTL_ENABLE_DEBUG_INFO = NO;
				MTL_FAST_MATH = YES;
				SDKROOT = iphoneos;
				SWIFT_COMPILATION_MODE = wholemodule;
				SWIFT_OPTIMIZATION_LEVEL = "-O";
				VALIDATE_PRODUCT = YES;
			};
			name = Release;
		};
		0E1F35AC22DABB420077768B /* Debug */ = {
			isa = XCBuildConfiguration;
			buildSettings = {
				ASSETCATALOG_COMPILER_APPICON_NAME = AppIcon;
				CODE_SIGN_STYLE = Automatic;
				DEVELOPMENT_TEAM = VAXXKNC9GL;
				INFOPLIST_FILE = CustomCamera/Info.plist;
				LD_RUNPATH_SEARCH_PATHS = (
					"$(inherited)",
					"@executable_path/Frameworks",
				);
				PRODUCT_BUNDLE_IDENTIFIER = com.vascomm.CustomCamera;
				PRODUCT_NAME = "$(TARGET_NAME)";
				SWIFT_VERSION = 5.0;
				TARGETED_DEVICE_FAMILY = "1,2";
			};
			name = Debug;
		};
		0E1F35AD22DABB420077768B /* Release */ = {
			isa = XCBuildConfiguration;
			buildSettings = {
				ASSETCATALOG_COMPILER_APPICON_NAME = AppIcon;
				CODE_SIGN_STYLE = Automatic;
				DEVELOPMENT_TEAM = VAXXKNC9GL;
				INFOPLIST_FILE = CustomCamera/Info.plist;
				LD_RUNPATH_SEARCH_PATHS = (
					"$(inherited)",
					"@executable_path/Frameworks",
				);
				PRODUCT_BUNDLE_IDENTIFIER = com.vascomm.CustomCamera;
				PRODUCT_NAME = "$(TARGET_NAME)";
				SWIFT_VERSION = 5.0;
				TARGETED_DEVICE_FAMILY = "1,2";
			};
			name = Release;
		};
		0E1F35AF22DABB420077768B /* Debug */ = {
			isa = XCBuildConfiguration;
			buildSettings = {
				ALWAYS_EMBED_SWIFT_STANDARD_LIBRARIES = YES;
				BUNDLE_LOADER = "$(TEST_HOST)";
				CODE_SIGN_STYLE = Automatic;
				DEVELOPMENT_TEAM = VAXXKNC9GL;
				INFOPLIST_FILE = CustomCameraTests/Info.plist;
				LD_RUNPATH_SEARCH_PATHS = (
					"$(inherited)",
					"@executable_path/Frameworks",
					"@loader_path/Frameworks",
				);
				PRODUCT_BUNDLE_IDENTIFIER = com.vascomm.CustomCameraTests;
				PRODUCT_NAME = "$(TARGET_NAME)";
				SWIFT_VERSION = 5.0;
				TARGETED_DEVICE_FAMILY = "1,2";
				TEST_HOST = "$(BUILT_PRODUCTS_DIR)/CustomCamera.app/CustomCamera";
			};
			name = Debug;
		};
		0E1F35B022DABB420077768B /* Release */ = {
			isa = XCBuildConfiguration;
			buildSettings = {
				ALWAYS_EMBED_SWIFT_STANDARD_LIBRARIES = YES;
				BUNDLE_LOADER = "$(TEST_HOST)";
				CODE_SIGN_STYLE = Automatic;
				DEVELOPMENT_TEAM = VAXXKNC9GL;
				INFOPLIST_FILE = CustomCameraTests/Info.plist;
				LD_RUNPATH_SEARCH_PATHS = (
					"$(inherited)",
					"@executable_path/Frameworks",
					"@loader_path/Frameworks",
				);
				PRODUCT_BUNDLE_IDENTIFIER = com.vascomm.CustomCameraTests;
				PRODUCT_NAME = "$(TARGET_NAME)";
				SWIFT_VERSION = 5.0;
				TARGETED_DEVICE_FAMILY = "1,2";
				TEST_HOST = "$(BUILT_PRODUCTS_DIR)/CustomCamera.app/CustomCamera";
			};
			name = Release;
		};
/* End XCBuildConfiguration section */

/* Begin XCConfigurationList section */
		0E1F358922DABB400077768B /* Build configuration list for PBXProject "CustomCamera" */ = {
			isa = XCConfigurationList;
			buildConfigurations = (
				0E1F35A922DABB420077768B /* Debug */,
				0E1F35AA22DABB420077768B /* Release */,
			);
			defaultConfigurationIsVisible = 0;
			defaultConfigurationName = Release;
		};
		0E1F35AB22DABB420077768B /* Build configuration list for PBXNativeTarget "CustomCamera" */ = {
			isa = XCConfigurationList;
			buildConfigurations = (
				0E1F35AC22DABB420077768B /* Debug */,
				0E1F35AD22DABB420077768B /* Release */,
			);
			defaultConfigurationIsVisible = 0;
			defaultConfigurationName = Release;
		};
		0E1F35AE22DABB420077768B /* Build configuration list for PBXNativeTarget "CustomCameraTests" */ = {
			isa = XCConfigurationList;
			buildConfigurations = (
				0E1F35AF22DABB420077768B /* Debug */,
				0E1F35B022DABB420077768B /* Release */,
			);
			defaultConfigurationIsVisible = 0;
			defaultConfigurationName = Release;
		};
/* End XCConfigurationList section */
	};
	rootObject = 0E1F358622DABB400077768B /* Project object */;
}
